// !$*UTF8*$!
{
	archiveVersion = 1;
	classes = {
	};
	objectVersion = 46;
	objects = {

/* Begin PBXBuildFile section */
		37596CBB1EE6E82400B73FAE /* AppDelegate.swift in Sources */ = {isa = PBXBuildFile; fileRef = 37596CBA1EE6E82400B73FAE /* AppDelegate.swift */; };
		37596CC01EE6E82400B73FAE /* Main.storyboard in Resources */ = {isa = PBXBuildFile; fileRef = 37596CBE1EE6E82400B73FAE /* Main.storyboard */; };
		37596CC21EE6E82400B73FAE /* Assets.xcassets in Resources */ = {isa = PBXBuildFile; fileRef = 37596CC11EE6E82400B73FAE /* Assets.xcassets */; };
		37596CC51EE6E82400B73FAE /* LaunchScreen.storyboard in Resources */ = {isa = PBXBuildFile; fileRef = 37596CC31EE6E82400B73FAE /* LaunchScreen.storyboard */; };
		37596CED1EE6EC7B00B73FAE /* Relationship.swift in Sources */ = {isa = PBXBuildFile; fileRef = 37596CE51EE6EC7B00B73FAE /* Relationship.swift */; };
		37596CEE1EE6EC7B00B73FAE /* Subscription.swift in Sources */ = {isa = PBXBuildFile; fileRef = 37596CE61EE6EC7B00B73FAE /* Subscription.swift */; };
		37596CEF1EE6EC7B00B73FAE /* Service.swift in Sources */ = {isa = PBXBuildFile; fileRef = 37596CE71EE6EC7B00B73FAE /* Service.swift */; };
		37596CF01EE6EC7B00B73FAE /* Attribute.swift in Sources */ = {isa = PBXBuildFile; fileRef = 37596CE81EE6EC7B00B73FAE /* Attribute.swift */; };
		37596CF11EE6EC7B00B73FAE /* PlanData.swift in Sources */ = {isa = PBXBuildFile; fileRef = 37596CE91EE6EC7B00B73FAE /* PlanData.swift */; };
		37596CF21EE6EC7B00B73FAE /* Downgrade.swift in Sources */ = {isa = PBXBuildFile; fileRef = 37596CEA1EE6EC7B00B73FAE /* Downgrade.swift */; };
		37596CF31EE6EC7B00B73FAE /* Link.swift in Sources */ = {isa = PBXBuildFile; fileRef = 37596CEB1EE6EC7B00B73FAE /* Link.swift */; };
		37596CF41EE6EC7B00B73FAE /* Product.swift in Sources */ = {isa = PBXBuildFile; fileRef = 37596CEC1EE6EC7B00B73FAE /* Product.swift */; };
		37596CF71EE6F78300B73FAE /* LoginHelper.swift in Sources */ = {isa = PBXBuildFile; fileRef = 37596CF61EE6F78300B73FAE /* LoginHelper.swift */; };
		37596CFA1EE6F7C100B73FAE /* SubscriptionHelper.swift in Sources */ = {isa = PBXBuildFile; fileRef = 37596CF91EE6F7C100B73FAE /* SubscriptionHelper.swift */; };
		37596CFC1EE6F7E200B73FAE /* SubscriptionViewModel.swift in Sources */ = {isa = PBXBuildFile; fileRef = 37596CFB1EE6F7E200B73FAE /* SubscriptionViewModel.swift */; };
		37596CFE1EE6F9B400B73FAE /* LoginViewController.swift in Sources */ = {isa = PBXBuildFile; fileRef = 37596CFD1EE6F9B400B73FAE /* LoginViewController.swift */; };
		37596D021EE6FB7700B73FAE /* SubscriptionViewController.swift in Sources */ = {isa = PBXBuildFile; fileRef = 37596D011EE6FB7700B73FAE /* SubscriptionViewController.swift */; };
		37596D051EE6FF9800B73FAE /* Strings.swift in Sources */ = {isa = PBXBuildFile; fileRef = 37596D041EE6FF9800B73FAE /* Strings.swift */; };
		37596D081EE70B8A00B73FAE /* Storage.swift in Sources */ = {isa = PBXBuildFile; fileRef = 37596D071EE70B8A00B73FAE /* Storage.swift */; };
		37596D0A1EE719BE00B73FAE /* collection.json in Resources */ = {isa = PBXBuildFile; fileRef = 37596D091EE719BE00B73FAE /* collection.json */; };
/* End PBXBuildFile section */

/* Begin PBXFileReference section */
		37596CB71EE6E82400B73FAE /* Amaysim.app */ = {isa = PBXFileReference; explicitFileType = wrapper.application; includeInIndex = 0; path = Amaysim.app; sourceTree = BUILT_PRODUCTS_DIR; };
		37596CBA1EE6E82400B73FAE /* AppDelegate.swift */ = {isa = PBXFileReference; lastKnownFileType = sourcecode.swift; path = AppDelegate.swift; sourceTree = "<group>"; };
		37596CBF1EE6E82400B73FAE /* Base */ = {isa = PBXFileReference; lastKnownFileType = file.storyboard; name = Base; path = Base.lproj/Main.storyboard; sourceTree = "<group>"; };
		37596CC11EE6E82400B73FAE /* Assets.xcassets */ = {isa = PBXFileReference; lastKnownFileType = folder.assetcatalog; path = Assets.xcassets; sourceTree = "<group>"; };
		37596CC41EE6E82400B73FAE /* Base */ = {isa = PBXFileReference; lastKnownFileType = file.storyboard; name = Base; path = Base.lproj/LaunchScreen.storyboard; sourceTree = "<group>"; };
		37596CC61EE6E82400B73FAE /* Info.plist */ = {isa = PBXFileReference; lastKnownFileType = text.plist.xml; path = Info.plist; sourceTree = "<group>"; };
		37596CE51EE6EC7B00B73FAE /* Relationship.swift */ = {isa = PBXFileReference; fileEncoding = 4; lastKnownFileType = sourcecode.swift; path = Relationship.swift; sourceTree = "<group>"; };
		37596CE61EE6EC7B00B73FAE /* Subscription.swift */ = {isa = PBXFileReference; fileEncoding = 4; lastKnownFileType = sourcecode.swift; path = Subscription.swift; sourceTree = "<group>"; };
		37596CE71EE6EC7B00B73FAE /* Service.swift */ = {isa = PBXFileReference; fileEncoding = 4; lastKnownFileType = sourcecode.swift; path = Service.swift; sourceTree = "<group>"; };
		37596CE81EE6EC7B00B73FAE /* Attribute.swift */ = {isa = PBXFileReference; fileEncoding = 4; lastKnownFileType = sourcecode.swift; path = Attribute.swift; sourceTree = "<group>"; };
		37596CE91EE6EC7B00B73FAE /* PlanData.swift */ = {isa = PBXFileReference; fileEncoding = 4; lastKnownFileType = sourcecode.swift; path = PlanData.swift; sourceTree = "<group>"; };
		37596CEA1EE6EC7B00B73FAE /* Downgrade.swift */ = {isa = PBXFileReference; fileEncoding = 4; lastKnownFileType = sourcecode.swift; path = Downgrade.swift; sourceTree = "<group>"; };
		37596CEB1EE6EC7B00B73FAE /* Link.swift */ = {isa = PBXFileReference; fileEncoding = 4; lastKnownFileType = sourcecode.swift; path = Link.swift; sourceTree = "<group>"; };
		37596CEC1EE6EC7B00B73FAE /* Product.swift */ = {isa = PBXFileReference; fileEncoding = 4; lastKnownFileType = sourcecode.swift; path = Product.swift; sourceTree = "<group>"; };
		37596CF61EE6F78300B73FAE /* LoginHelper.swift */ = {isa = PBXFileReference; fileEncoding = 4; lastKnownFileType = sourcecode.swift; path = LoginHelper.swift; sourceTree = "<group>"; };
		37596CF91EE6F7C100B73FAE /* SubscriptionHelper.swift */ = {isa = PBXFileReference; fileEncoding = 4; lastKnownFileType = sourcecode.swift; path = SubscriptionHelper.swift; sourceTree = "<group>"; };
		37596CFB1EE6F7E200B73FAE /* SubscriptionViewModel.swift */ = {isa = PBXFileReference; fileEncoding = 4; lastKnownFileType = sourcecode.swift; path = SubscriptionViewModel.swift; sourceTree = "<group>"; };
		37596CFD1EE6F9B400B73FAE /* LoginViewController.swift */ = {isa = PBXFileReference; fileEncoding = 4; lastKnownFileType = sourcecode.swift; path = LoginViewController.swift; sourceTree = "<group>"; };
		37596D011EE6FB7700B73FAE /* SubscriptionViewController.swift */ = {isa = PBXFileReference; fileEncoding = 4; lastKnownFileType = sourcecode.swift; path = SubscriptionViewController.swift; sourceTree = "<group>"; };
		37596D041EE6FF9800B73FAE /* Strings.swift */ = {isa = PBXFileReference; fileEncoding = 4; lastKnownFileType = sourcecode.swift; path = Strings.swift; sourceTree = "<group>"; };
		37596D071EE70B8A00B73FAE /* Storage.swift */ = {isa = PBXFileReference; fileEncoding = 4; lastKnownFileType = sourcecode.swift; path = Storage.swift; sourceTree = "<group>"; };
		37596D091EE719BE00B73FAE /* collection.json */ = {isa = PBXFileReference; fileEncoding = 4; lastKnownFileType = text.json; path = collection.json; sourceTree = "<group>"; };
/* End PBXFileReference section */

/* Begin PBXFrameworksBuildPhase section */
		37596CB41EE6E82400B73FAE /* Frameworks */ = {
			isa = PBXFrameworksBuildPhase;
			buildActionMask = 2147483647;
			files = (
			);
			runOnlyForDeploymentPostprocessing = 0;
		};
/* End PBXFrameworksBuildPhase section */

/* Begin PBXGroup section */
		37596CAE1EE6E82400B73FAE = {
			isa = PBXGroup;
			children = (
				37596CB91EE6E82400B73FAE /* Amaysim */,
				37596CB81EE6E82400B73FAE /* Products */,
			);
			sourceTree = "<group>";
		};
		37596CB81EE6E82400B73FAE /* Products */ = {
			isa = PBXGroup;
			children = (
				37596CB71EE6E82400B73FAE /* Amaysim.app */,
			);
			name = Products;
			sourceTree = "<group>";
		};
		37596CB91EE6E82400B73FAE /* Amaysim */ = {
			isa = PBXGroup;
			children = (
				37596D061EE70B7B00B73FAE /* Shared Storage */,
				37596D031EE6FF7C00B73FAE /* String */,
				37596CD41EE6E9F000B73FAE /* Model */,
				37596CCD1EE6E83500B73FAE /* ViewControllers */,
				37596CCC1EE6E82A00B73FAE /* AppDelegate */,
				37596CCF1EE6E85600B73FAE /* Launch Screen */,
				37596CCE1EE6E84500B73FAE /* Storyboard */,
				37596CC11EE6E82400B73FAE /* Assets.xcassets */,
				37596CC61EE6E82400B73FAE /* Info.plist */,
				37596D091EE719BE00B73FAE /* collection.json */,
			);
			path = Amaysim;
			sourceTree = "<group>";
		};
		37596CCC1EE6E82A00B73FAE /* AppDelegate */ = {
			isa = PBXGroup;
			children = (
				37596CBA1EE6E82400B73FAE /* AppDelegate.swift */,
			);
			name = AppDelegate;
			sourceTree = "<group>";
		};
		37596CCD1EE6E83500B73FAE /* ViewControllers */ = {
			isa = PBXGroup;
			children = (
				37596CF51EE6F75F00B73FAE /* Login */,
				37596CF81EE6F7A100B73FAE /* Subscription */,
			);
			name = ViewControllers;
			sourceTree = "<group>";
		};
		37596CCE1EE6E84500B73FAE /* Storyboard */ = {
			isa = PBXGroup;
			children = (
				37596CBE1EE6E82400B73FAE /* Main.storyboard */,
			);
			name = Storyboard;
			sourceTree = "<group>";
		};
		37596CCF1EE6E85600B73FAE /* Launch Screen */ = {
			isa = PBXGroup;
			children = (
				37596CC31EE6E82400B73FAE /* LaunchScreen.storyboard */,
			);
			name = "Launch Screen";
			sourceTree = "<group>";
		};
		37596CD41EE6E9F000B73FAE /* Model */ = {
			isa = PBXGroup;
			children = (
				37596CE61EE6EC7B00B73FAE /* Subscription.swift */,
				37596CE51EE6EC7B00B73FAE /* Relationship.swift */,
				37596CE71EE6EC7B00B73FAE /* Service.swift */,
				37596CE81EE6EC7B00B73FAE /* Attribute.swift */,
				37596CE91EE6EC7B00B73FAE /* PlanData.swift */,
				37596CEA1EE6EC7B00B73FAE /* Downgrade.swift */,
				37596CEB1EE6EC7B00B73FAE /* Link.swift */,
				37596CEC1EE6EC7B00B73FAE /* Product.swift */,
			);
			name = Model;
			sourceTree = "<group>";
		};
		37596CF51EE6F75F00B73FAE /* Login */ = {
			isa = PBXGroup;
			children = (
				37596CF61EE6F78300B73FAE /* LoginHelper.swift */,
				37596CFD1EE6F9B400B73FAE /* LoginViewController.swift */,
			);
			name = Login;
			sourceTree = "<group>";
		};
		37596CF81EE6F7A100B73FAE /* Subscription */ = {
			isa = PBXGroup;
			children = (
				37596D011EE6FB7700B73FAE /* SubscriptionViewController.swift */,
				37596CFB1EE6F7E200B73FAE /* SubscriptionViewModel.swift */,
				37596CF91EE6F7C100B73FAE /* SubscriptionHelper.swift */,
			);
			name = Subscription;
			sourceTree = "<group>";
		};
		37596D031EE6FF7C00B73FAE /* String */ = {
			isa = PBXGroup;
			children = (
				37596D041EE6FF9800B73FAE /* Strings.swift */,
			);
			name = String;
			sourceTree = "<group>";
		};
		37596D061EE70B7B00B73FAE /* Shared Storage */ = {
			isa = PBXGroup;
			children = (
				37596D071EE70B8A00B73FAE /* Storage.swift */,
			);
			name = "Shared Storage";
			sourceTree = "<group>";
		};
/* End PBXGroup section */

/* Begin PBXNativeTarget section */
		37596CB61EE6E82400B73FAE /* Amaysim */ = {
			isa = PBXNativeTarget;
			buildConfigurationList = 37596CC91EE6E82400B73FAE /* Build configuration list for PBXNativeTarget "Amaysim" */;
			buildPhases = (
				37596CB31EE6E82400B73FAE /* Sources */,
				37596CB41EE6E82400B73FAE /* Frameworks */,
				37596CB51EE6E82400B73FAE /* Resources */,
			);
			buildRules = (
			);
			dependencies = (
			);
			name = Amaysim;
			productName = Amaysim;
			productReference = 37596CB71EE6E82400B73FAE /* Amaysim.app */;
			productType = "com.apple.product-type.application";
		};
/* End PBXNativeTarget section */

/* Begin PBXProject section */
		37596CAF1EE6E82400B73FAE /* Project object */ = {
			isa = PBXProject;
			attributes = {
				LastSwiftUpdateCheck = 0830;
				LastUpgradeCheck = 0830;
				ORGANIZATIONNAME = "Marlon Boncodin";
				TargetAttributes = {
					37596CB61EE6E82400B73FAE = {
						CreatedOnToolsVersion = 8.3.2;
						ProvisioningStyle = Automatic;
					};
				};
			};
			buildConfigurationList = 37596CB21EE6E82400B73FAE /* Build configuration list for PBXProject "Amaysim" */;
			compatibilityVersion = "Xcode 3.2";
			developmentRegion = English;
			hasScannedForEncodings = 0;
			knownRegions = (
				en,
				Base,
			);
			mainGroup = 37596CAE1EE6E82400B73FAE;
			productRefGroup = 37596CB81EE6E82400B73FAE /* Products */;
			projectDirPath = "";
			projectRoot = "";
			targets = (
				37596CB61EE6E82400B73FAE /* Amaysim */,
			);
		};
/* End PBXProject section */

/* Begin PBXResourcesBuildPhase section */
		37596CB51EE6E82400B73FAE /* Resources */ = {
			isa = PBXResourcesBuildPhase;
			buildActionMask = 2147483647;
			files = (
				37596CC51EE6E82400B73FAE /* LaunchScreen.storyboard in Resources */,
				37596CC21EE6E82400B73FAE /* Assets.xcassets in Resources */,
				37596CC01EE6E82400B73FAE /* Main.storyboard in Resources */,
				37596D0A1EE719BE00B73FAE /* collection.json in Resources */,
			);
			runOnlyForDeploymentPostprocessing = 0;
		};
/* End PBXResourcesBuildPhase section */

/* Begin PBXSourcesBuildPhase section */
		37596CB31EE6E82400B73FAE /* Sources */ = {
			isa = PBXSourcesBuildPhase;
			buildActionMask = 2147483647;
			files = (
				37596CFE1EE6F9B400B73FAE /* LoginViewController.swift in Sources */,
				37596CEE1EE6EC7B00B73FAE /* Subscription.swift in Sources */,
				37596CFA1EE6F7C100B73FAE /* SubscriptionHelper.swift in Sources */,
				37596CBB1EE6E82400B73FAE /* AppDelegate.swift in Sources */,
				37596CF01EE6EC7B00B73FAE /* Attribute.swift in Sources */,
				37596CF71EE6F78300B73FAE /* LoginHelper.swift in Sources */,
				37596CFC1EE6F7E200B73FAE /* SubscriptionViewModel.swift in Sources */,
				37596D051EE6FF9800B73FAE /* Strings.swift in Sources */,
				37596CF41EE6EC7B00B73FAE /* Product.swift in Sources */,
				37596D021EE6FB7700B73FAE /* SubscriptionViewController.swift in Sources */,
				37596CF21EE6EC7B00B73FAE /* Downgrade.swift in Sources */,
				37596CED1EE6EC7B00B73FAE /* Relationship.swift in Sources */,
				37596CEF1EE6EC7B00B73FAE /* Service.swift in Sources */,
				37596D081EE70B8A00B73FAE /* Storage.swift in Sources */,
				37596CF11EE6EC7B00B73FAE /* PlanData.swift in Sources */,
				37596CF31EE6EC7B00B73FAE /* Link.swift in Sources */,
			);
			runOnlyForDeploymentPostprocessing = 0;
		};
/* End PBXSourcesBuildPhase section */

/* Begin PBXVariantGroup section */
		37596CBE1EE6E82400B73FAE /* Main.storyboard */ = {
			isa = PBXVariantGroup;
			children = (
				37596CBF1EE6E82400B73FAE /* Base */,
			);
			name = Main.storyboard;
			sourceTree = "<group>";
		};
		37596CC31EE6E82400B73FAE /* LaunchScreen.storyboard */ = {
			isa = PBXVariantGroup;
			children = (
				37596CC41EE6E82400B73FAE /* Base */,
			);
			name = LaunchScreen.storyboard;
			sourceTree = "<group>";
		};
/* End PBXVariantGroup section */

/* Begin XCBuildConfiguration section */
		37596CC71EE6E82400B73FAE /* Debug */ = {
			isa = XCBuildConfiguration;
			buildSettings = {
				ALWAYS_SEARCH_USER_PATHS = NO;
				CLANG_ANALYZER_NONNULL = YES;
				CLANG_ANALYZER_NUMBER_OBJECT_CONVERSION = YES_AGGRESSIVE;
				CLANG_CXX_LANGUAGE_STANDARD = "gnu++0x";
				CLANG_CXX_LIBRARY = "libc++";
				CLANG_ENABLE_MODULES = YES;
				CLANG_ENABLE_OBJC_ARC = YES;
				CLANG_WARN_BOOL_CONVERSION = YES;
				CLANG_WARN_CONSTANT_CONVERSION = YES;
				CLANG_WARN_DIRECT_OBJC_ISA_USAGE = YES_ERROR;
				CLANG_WARN_DOCUMENTATION_COMMENTS = YES;
				CLANG_WARN_EMPTY_BODY = YES;
				CLANG_WARN_ENUM_CONVERSION = YES;
				CLANG_WARN_INFINITE_RECURSION = YES;
				CLANG_WARN_INT_CONVERSION = YES;
				CLANG_WARN_OBJC_ROOT_CLASS = YES_ERROR;
				CLANG_WARN_SUSPICIOUS_MOVE = YES;
				CLANG_WARN_UNREACHABLE_CODE = YES;
				CLANG_WARN__DUPLICATE_METHOD_MATCH = YES;
				"CODE_SIGN_IDENTITY[sdk=iphoneos*]" = "iPhone Developer";
				COPY_PHASE_STRIP = NO;
				DEBUG_INFORMATION_FORMAT = dwarf;
				ENABLE_STRICT_OBJC_MSGSEND = YES;
				ENABLE_TESTABILITY = YES;
				GCC_C_LANGUAGE_STANDARD = gnu99;
				GCC_DYNAMIC_NO_PIC = NO;
				GCC_NO_COMMON_BLOCKS = YES;
				GCC_OPTIMIZATION_LEVEL = 0;
				GCC_PREPROCESSOR_DEFINITIONS = (
					"DEBUG=1",
					"$(inherited)",
				);
				GCC_WARN_64_TO_32_BIT_CONVERSION = YES;
				GCC_WARN_ABOUT_RETURN_TYPE = YES_ERROR;
				GCC_WARN_UNDECLARED_SELECTOR = YES;
				GCC_WARN_UNINITIALIZED_AUTOS = YES_AGGRESSIVE;
				GCC_WARN_UNUSED_FUNCTION = YES;
				GCC_WARN_UNUSED_VARIABLE = YES;
				IPHONEOS_DEPLOYMENT_TARGET = 10.3;
				MTL_ENABLE_DEBUG_INFO = YES;
				ONLY_ACTIVE_ARCH = YES;
				SDKROOT = iphoneos;
				SWIFT_ACTIVE_COMPILATION_CONDITIONS = DEBUG;
				SWIFT_OPTIMIZATION_LEVEL = "-Onone";
			};
			name = Debug;
		};
		37596CC81EE6E82400B73FAE /* Release */ = {
			isa = XCBuildConfiguration;
			buildSettings = {
				ALWAYS_SEARCH_USER_PATHS = NO;
				CLANG_ANALYZER_NONNULL = YES;
				CLANG_ANALYZER_NUMBER_OBJECT_CONVERSION = YES_AGGRESSIVE;
				CLANG_CXX_LANGUAGE_STANDARD = "gnu++0x";
				CLANG_CXX_LIBRARY = "libc++";
				CLANG_ENABLE_MODULES = YES;
				CLANG_ENABLE_OBJC_ARC = YES;
				CLANG_WARN_BOOL_CONVERSION = YES;
				CLANG_WARN_CONSTANT_CONVERSION = YES;
				CLANG_WARN_DIRECT_OBJC_ISA_USAGE = YES_ERROR;
				CLANG_WARN_DOCUMENTATION_COMMENTS = YES;
				CLANG_WARN_EMPTY_BODY = YES;
				CLANG_WARN_ENUM_CONVERSION = YES;
				CLANG_WARN_INFINITE_RECURSION = YES;
				CLANG_WARN_INT_CONVERSION = YES;
				CLANG_WARN_OBJC_ROOT_CLASS = YES_ERROR;
				CLANG_WARN_SUSPICIOUS_MOVE = YES;
				CLANG_WARN_UNREACHABLE_CODE = YES;
				CLANG_WARN__DUPLICATE_METHOD_MATCH = YES;
				"CODE_SIGN_IDENTITY[sdk=iphoneos*]" = "iPhone Developer";
				COPY_PHASE_STRIP = NO;
				DEBUG_INFORMATION_FORMAT = "dwarf-with-dsym";
				ENABLE_NS_ASSERTIONS = NO;
				ENABLE_STRICT_OBJC_MSGSEND = YES;
				GCC_C_LANGUAGE_STANDARD = gnu99;
				GCC_NO_COMMON_BLOCKS = YES;
				GCC_WARN_64_TO_32_BIT_CONVERSION = YES;
				GCC_WARN_ABOUT_RETURN_TYPE = YES_ERROR;
				GCC_WARN_UNDECLARED_SELECTOR = YES;
				GCC_WARN_UNINITIALIZED_AUTOS = YES_AGGRESSIVE;
				GCC_WARN_UNUSED_FUNCTION = YES;
				GCC_WARN_UNUSED_VARIABLE = YES;
				IPHONEOS_DEPLOYMENT_TARGET = 10.3;
				MTL_ENABLE_DEBUG_INFO = NO;
				SDKROOT = iphoneos;
				SWIFT_OPTIMIZATION_LEVEL = "-Owholemodule";
				VALIDATE_PRODUCT = YES;
			};
			name = Release;
		};
		37596CCA1EE6E82400B73FAE /* Debug */ = {
			isa = XCBuildConfiguration;
			buildSettings = {
				ASSETCATALOG_COMPILER_APPICON_NAME = AppIcon;
				INFOPLIST_FILE = Amaysim/Info.plist;
				LD_RUNPATH_SEARCH_PATHS = "$(inherited) @executable_path/Frameworks";
				PRODUCT_BUNDLE_IDENTIFIER = com.amaysim.amaysim.Amaysim;
				PRODUCT_NAME = "$(TARGET_NAME)";
				SWIFT_VERSION = 3.0;
			};
			name = Debug;
		};
		37596CCB1EE6E82400B73FAE /* Release */ = {
			isa = XCBuildConfiguration;
			buildSettings = {
				ASSETCATALOG_COMPILER_APPICON_NAME = AppIcon;
				INFOPLIST_FILE = Amaysim/Info.plist;
				LD_RUNPATH_SEARCH_PATHS = "$(inherited) @executable_path/Frameworks";
				PRODUCT_BUNDLE_IDENTIFIER = com.amaysim.amaysim.Amaysim;
				PRODUCT_NAME = "$(TARGET_NAME)";
				SWIFT_VERSION = 3.0;
			};
			name = Release;
		};
/* End XCBuildConfiguration section */

/* Begin XCConfigurationList section */
		37596CB21EE6E82400B73FAE /* Build configuration list for PBXProject "Amaysim" */ = {
			isa = XCConfigurationList;
			buildConfigurations = (
				37596CC71EE6E82400B73FAE /* Debug */,
				37596CC81EE6E82400B73FAE /* Release */,
			);
			defaultConfigurationIsVisible = 0;
			defaultConfigurationName = Release;
		};
		37596CC91EE6E82400B73FAE /* Build configuration list for PBXNativeTarget "Amaysim" */ = {
			isa = XCConfigurationList;
			buildConfigurations = (
				37596CCA1EE6E82400B73FAE /* Debug */,
				37596CCB1EE6E82400B73FAE /* Release */,
			);
			defaultConfigurationIsVisible = 0;
		};
/* End XCConfigurationList section */
	};
	rootObject = 37596CAF1EE6E82400B73FAE /* Project object */;
}
